// !$*UTF8*$!
{
	archiveVersion = 1;
	classes = {
	};
	objectVersion = 46;
	objects = {

/* Begin PBXBuildFile section */
		2100B2321FC7846A0007985B /* Model.cpp in Sources */ = {isa = PBXBuildFile; fileRef = 2100B2301FC7846A0007985B /* Model.cpp */; };
		21C81CC21FA0A78400EED05B /* main.cpp in Sources */ = {isa = PBXBuildFile; fileRef = 21C81CBF1FA0A78400EED05B /* main.cpp */; };
		21FD1A861FA0B0DF001BFC1A /* OpenGL.framework in Frameworks */ = {isa = PBXBuildFile; fileRef = 21FD1A851FA0B0DF001BFC1A /* OpenGL.framework */; };
/* End PBXBuildFile section */

/* Begin PBXCopyFilesBuildPhase section */
		21C81CB01FA0A75B00EED05B /* CopyFiles */ = {
			isa = PBXCopyFilesBuildPhase;
			buildActionMask = 2147483647;
			dstPath = /usr/share/man/man1/;
			dstSubfolderSpec = 0;
			files = (
			);
			runOnlyForDeploymentPostprocessing = 1;
		};
/* End PBXCopyFilesBuildPhase section */

/* Begin PBXFileReference section */
		2100B2301FC7846A0007985B /* Model.cpp */ = {isa = PBXFileReference; fileEncoding = 4; lastKnownFileType = sourcecode.cpp.cpp; path = Model.cpp; sourceTree = "<group>"; };
		2100B2311FC7846A0007985B /* Model.hpp */ = {isa = PBXFileReference; fileEncoding = 4; lastKnownFileType = sourcecode.cpp.h; path = Model.hpp; sourceTree = "<group>"; };
		2100B2341FC78F210007985B /* box.obj */ = {isa = PBXFileReference; fileEncoding = 4; lastKnownFileType = text; name = box.obj; path = ../../../../../box.obj; sourceTree = "<group>"; };
		2100B2351FC798A00007985B /* cone.obj */ = {isa = PBXFileReference; fileEncoding = 4; lastKnownFileType = text; path = cone.obj; sourceTree = "<group>"; };
		2100B2361FC79C420007985B /* helix.obj */ = {isa = PBXFileReference; fileEncoding = 4; lastKnownFileType = text; path = helix.obj; sourceTree = "<group>"; };
		2100B2371FC79D5B0007985B /* sword.obj */ = {isa = PBXFileReference; fileEncoding = 4; lastKnownFileType = text; path = sword.obj; sourceTree = "<group>"; };
		214B23E91FC5AB780088CC70 /* bighouse.txt */ = {isa = PBXFileReference; fileEncoding = 4; lastKnownFileType = text; path = bighouse.txt; sourceTree = "<group>"; };
		214B23EA1FC5ABF90088CC70 /* bighouse.txt */ = {isa = PBXFileReference; fileEncoding = 4; lastKnownFileType = text; path = bighouse.txt; sourceTree = "<group>"; };
		21528A5C1FC7A21400C5EE8A /* schirmschussobjloader.png */ = {isa = PBXFileReference; lastKnownFileType = image.png; path = schirmschussobjloader.png; sourceTree = "<group>"; };
		21C81CB21FA0A75B00EED05B /* GlutA2 */ = {isa = PBXFileReference; explicitFileType = "compiled.mach-o.executable"; includeInIndex = 0; path = GlutA2; sourceTree = BUILT_PRODUCTS_DIR; };
		21C81CBF1FA0A78400EED05B /* main.cpp */ = {isa = PBXFileReference; fileEncoding = 4; lastKnownFileType = sourcecode.cpp.cpp; path = main.cpp; sourceTree = "<group>"; };
		21C81CC01FA0A78400EED05B /* readme.txt */ = {isa = PBXFileReference; fileEncoding = 4; lastKnownFileType = text; path = readme.txt; sourceTree = "<group>"; };
		21FD1A851FA0B0DF001BFC1A /* OpenGL.framework */ = {isa = PBXFileReference; lastKnownFileType = wrapper.framework; name = OpenGL.framework; path = System/Library/Frameworks/OpenGL.framework; sourceTree = SDKROOT; };
/* End PBXFileReference section */

/* Begin PBXFrameworksBuildPhase section */
		21C81CAF1FA0A75B00EED05B /* Frameworks */ = {
			isa = PBXFrameworksBuildPhase;
			buildActionMask = 2147483647;
			files = (
				21FD1A861FA0B0DF001BFC1A /* OpenGL.framework in Frameworks */,
			);
			runOnlyForDeploymentPostprocessing = 0;
		};
/* End PBXFrameworksBuildPhase section */

/* Begin PBXGroup section */
		21C81CA91FA0A75B00EED05B = {
			isa = PBXGroup;
			children = (
				214B23EA1FC5ABF90088CC70 /* bighouse.txt */,
				21FD1A851FA0B0DF001BFC1A /* OpenGL.framework */,
				21C81CB41FA0A75B00EED05B /* GlutA2 */,
				21C81CB31FA0A75B00EED05B /* Products */,
			);
			sourceTree = "<group>";
		};
		21C81CB31FA0A75B00EED05B /* Products */ = {
			isa = PBXGroup;
			children = (
				21C81CB21FA0A75B00EED05B /* GlutA2 */,
			);
			name = Products;
			sourceTree = "<group>";
		};
		21C81CB41FA0A75B00EED05B /* GlutA2 */ = {
			isa = PBXGroup;
			children = (
				21528A5C1FC7A21400C5EE8A /* schirmschussobjloader.png */,
				2100B2371FC79D5B0007985B /* sword.obj */,
				2100B2361FC79C420007985B /* helix.obj */,
				2100B2351FC798A00007985B /* cone.obj */,
				2100B2341FC78F210007985B /* box.obj */,
				214B23E91FC5AB780088CC70 /* bighouse.txt */,
				21C81CBF1FA0A78400EED05B /* main.cpp */,
				21C81CC01FA0A78400EED05B /* readme.txt */,
				2100B2301FC7846A0007985B /* Model.cpp */,
				2100B2311FC7846A0007985B /* Model.hpp */,
			);
			name = GlutA2;
			path = GlutExample;
			sourceTree = "<group>";
		};
/* End PBXGroup section */

/* Begin PBXNativeTarget section */
		21C81CB11FA0A75B00EED05B /* GlutA2 */ = {
			isa = PBXNativeTarget;
			buildConfigurationList = 21C81CB91FA0A75B00EED05B /* Build configuration list for PBXNativeTarget "GlutA2" */;
			buildPhases = (
				21C81CAE1FA0A75B00EED05B /* Sources */,
				21C81CAF1FA0A75B00EED05B /* Frameworks */,
				21C81CB01FA0A75B00EED05B /* CopyFiles */,
			);
			buildRules = (
			);
			dependencies = (
			);
			name = GlutA2;
			productName = GlutExample;
			productReference = 21C81CB21FA0A75B00EED05B /* GlutA2 */;
			productType = "com.apple.product-type.tool";
		};
/* End PBXNativeTarget section */

/* Begin PBXProject section */
		21C81CAA1FA0A75B00EED05B /* Project object */ = {
			isa = PBXProject;
			attributes = {
				LastUpgradeCheck = 0730;
				ORGANIZATIONNAME = "Hevselavier Lines Ver";
				TargetAttributes = {
					21C81CB11FA0A75B00EED05B = {
						CreatedOnToolsVersion = 7.3;
					};
				};
			};
			buildConfigurationList = 21C81CAD1FA0A75B00EED05B /* Build configuration list for PBXProject "GlutA2" */;
			compatibilityVersion = "Xcode 3.2";
			developmentRegion = English;
			hasScannedForEncodings = 0;
			knownRegions = (
				en,
			);
			mainGroup = 21C81CA91FA0A75B00EED05B;
			productRefGroup = 21C81CB31FA0A75B00EED05B /* Products */;
			projectDirPath = "";
			projectRoot = "";
			targets = (
				21C81CB11FA0A75B00EED05B /* GlutA2 */,
			);
		};
/* End PBXProject section */

/* Begin PBXSourcesBuildPhase section */
		21C81CAE1FA0A75B00EED05B /* Sources */ = {
			isa = PBXSourcesBuildPhase;
			buildActionMask = 2147483647;
			files = (
				21C81CC21FA0A78400EED05B /* main.cpp in Sources */,
				2100B2321FC7846A0007985B /* Model.cpp in Sources */,
			);
			runOnlyForDeploymentPostprocessing = 0;
		};
/* End PBXSourcesBuildPhase section */

/* Begin XCBuildConfiguration section */
		21C81CB71FA0A75B00EED05B /* Debug */ = {
			isa = XCBuildConfiguration;
			buildSettings = {
				ALWAYS_SEARCH_USER_PATHS = NO;
				CLANG_ANALYZER_NONNULL = YES;
				CLANG_CXX_LANGUAGE_STANDARD = "gnu++0x";
				CLANG_CXX_LIBRARY = "libc++";
				CLANG_ENABLE_MODULES = YES;
				CLANG_ENABLE_OBJC_ARC = YES;
				CLANG_WARN_BOOL_CONVERSION = YES;
				CLANG_WARN_CONSTANT_CONVERSION = YES;
				CLANG_WARN_DIRECT_OBJC_ISA_USAGE = YES_ERROR;
				CLANG_WARN_EMPTY_BODY = YES;
				CLANG_WARN_ENUM_CONVERSION = YES;
				CLANG_WARN_INT_CONVERSION = YES;
				CLANG_WARN_OBJC_ROOT_CLASS = YES_ERROR;
				CLANG_WARN_UNREACHABLE_CODE = YES;
				CLANG_WARN__DUPLICATE_METHOD_MATCH = YES;
				CODE_SIGN_IDENTITY = "-";
				COPY_PHASE_STRIP = NO;
				DEBUG_INFORMATION_FORMAT = dwarf;
				ENABLE_STRICT_OBJC_MSGSEND = YES;
				ENABLE_TESTABILITY = YES;
				GCC_C_LANGUAGE_STANDARD = gnu99;
				GCC_DYNAMIC_NO_PIC = NO;
				GCC_NO_COMMON_BLOCKS = YES;
				GCC_OPTIMIZATION_LEVEL = 0;
				GCC_PREPROCESSOR_DEFINITIONS = (
					"DEBUG=1",
					"$(inherited)",
				);
				GCC_WARN_64_TO_32_BIT_CONVERSION = YES;
				GCC_WARN_ABOUT_RETURN_TYPE = YES_ERROR;
				GCC_WARN_UNDECLARED_SELECTOR = YES;
				GCC_WARN_UNINITIALIZED_AUTOS = YES_AGGRESSIVE;
				GCC_WARN_UNUSED_FUNCTION = YES;
				GCC_WARN_UNUSED_VARIABLE = YES;
				MACOSX_DEPLOYMENT_TARGET = 10.12;
				MTL_ENABLE_DEBUG_INFO = YES;
				ONLY_ACTIVE_ARCH = YES;
				SDKROOT = macosx;
			};
			name = Debug;
		};
		21C81CB81FA0A75B00EED05B /* Release */ = {
			isa = XCBuildConfiguration;
			buildSettings = {
				ALWAYS_SEARCH_USER_PATHS = NO;
				CLANG_ANALYZER_NONNULL = YES;
				CLANG_CXX_LANGUAGE_STANDARD = "gnu++0x";
				CLANG_CXX_LIBRARY = "libc++";
				CLANG_ENABLE_MODULES = YES;
				CLANG_ENABLE_OBJC_ARC = YES;
				CLANG_WARN_BOOL_CONVERSION = YES;
				CLANG_WARN_CONSTANT_CONVERSION = YES;
				CLANG_WARN_DIRECT_OBJC_ISA_USAGE = YES_ERROR;
				CLANG_WARN_EMPTY_BODY = YES;
				CLANG_WARN_ENUM_CONVERSION = YES;
				CLANG_WARN_INT_CONVERSION = YES;
				CLANG_WARN_OBJC_ROOT_CLASS = YES_ERROR;
				CLANG_WARN_UNREACHABLE_CODE = YES;
				CLANG_WARN__DUPLICATE_METHOD_MATCH = YES;
				CODE_SIGN_IDENTITY = "-";
				COPY_PHASE_STRIP = NO;
				DEBUG_INFORMATION_FORMAT = "dwarf-with-dsym";
				ENABLE_NS_ASSERTIONS = NO;
				ENABLE_STRICT_OBJC_MSGSEND = YES;
				GCC_C_LANGUAGE_STANDARD = gnu99;
				GCC_NO_COMMON_BLOCKS = YES;
				GCC_WARN_64_TO_32_BIT_CONVERSION = YES;
				GCC_WARN_ABOUT_RETURN_TYPE = YES_ERROR;
				GCC_WARN_UNDECLARED_SELECTOR = YES;
				GCC_WARN_UNINITIALIZED_AUTOS = YES_AGGRESSIVE;
				GCC_WARN_UNUSED_FUNCTION = YES;
				GCC_WARN_UNUSED_VARIABLE = YES;
				MACOSX_DEPLOYMENT_TARGET = 10.12;
				MTL_ENABLE_DEBUG_INFO = NO;
				SDKROOT = macosx;
			};
			name = Release;
		};
		21C81CBA1FA0A75B00EED05B /* Debug */ = {
			isa = XCBuildConfiguration;
			buildSettings = {
				HEADER_SEARCH_PATHS = (
					"\"/opt/X11/include\"",
					"\"/usr/local/include\"",
				);
				LIBRARY_SEARCH_PATHS = (
					"\"/opt/X11/lib\"",
					"\"/usr/local/lib\"",
				);
				OTHER_LDFLAGS = "-lGLUT";
				PRODUCT_NAME = GlutA2;
			};
			name = Debug;
		};
		21C81CBB1FA0A75B00EED05B /* Release */ = {
			isa = XCBuildConfiguration;
			buildSettings = {
				HEADER_SEARCH_PATHS = (
					"\"/opt/X11/include\"",
					"\"/usr/local/include\"",
				);
				LIBRARY_SEARCH_PATHS = (
					"\"/opt/X11/lib\"",
					"\"/usr/local/lib\"",
				);
				OTHER_LDFLAGS = "-lGLUT";
				PRODUCT_NAME = GlutA2;
			};
			name = Release;
		};
/* End XCBuildConfiguration section */

/* Begin XCConfigurationList section */
		21C81CAD1FA0A75B00EED05B /* Build configuration list for PBXProject "GlutA2" */ = {
			isa = XCConfigurationList;
			buildConfigurations = (
				21C81CB71FA0A75B00EED05B /* Debug */,
				21C81CB81FA0A75B00EED05B /* Release */,
			);
			defaultConfigurationIsVisible = 0;
			defaultConfigurationName = Release;
		};
		21C81CB91FA0A75B00EED05B /* Build configuration list for PBXNativeTarget "GlutA2" */ = {
			isa = XCConfigurationList;
			buildConfigurations = (
				21C81CBA1FA0A75B00EED05B /* Debug */,
				21C81CBB1FA0A75B00EED05B /* Release */,
			);
			defaultConfigurationIsVisible = 0;
			defaultConfigurationName = Release;
		};
/* End XCConfigurationList section */
	};
	rootObject = 21C81CAA1FA0A75B00EED05B /* Project object */;
}
